
Microsoft Visual Studio Solution File, Format Version 12.00
# Visual Studio Version 16
VisualStudioVersion = 16.0.32126.315
MinimumVisualStudioVersion = 10.0.40219.1
Project("{FAE04EC0-301F-11D3-BF4B-00C04F79EFBC}") = "BulletinBoard", "BulletinBoard.csproj", "{72E6063E-F2D8-487C-A86B-D17DE219BF32}"
EndProject
Project("{FAE04EC0-301F-11D3-BF4B-00C04F79EFBC}") = "BulletinBoard.Web", "..\BulletinBoard.Web\BulletinBoard.Web.csproj", "{3E04C657-E933-4A60-9DBB-F70ADC0F2A76}"
EndProject
Project("{FAE04EC0-301F-11D3-BF4B-00C04F79EFBC}") = "BulletinBoard.BusinessLayer", "..\BulletinBoard.BusinessLayer\BulletinBoard.BusinessLayer.csproj", "{DFBD215F-ED9F-4CE4-9F44-BC9419341883}"
EndProject
Project("{FAE04EC0-301F-11D3-BF4B-00C04F79EFBC}") = "BulletinBoard.DB", "..\BulletinBoard.DB\BulletinBoard.DB.csproj", "{F2FD0783-8AE1-4786-B7CB-18088A80E9D1}"
EndProject
Project("{FAE04EC0-301F-11D3-BF4B-00C04F79EFBC}") = "BulletinBoard.Interfaces", "..\BulletinBoard.Interfaces\BulletinBoard.Interfaces.csproj", "{4D89BDF7-E8EE-490B-8F88-7DBFB8B4C6F8}"
EndProject
Global
	GlobalSection(SolutionConfigurationPlatforms) = preSolution
		Debug|Any CPU = Debug|Any CPU
		Release|Any CPU = Release|Any CPU
	EndGlobalSection
	GlobalSection(ProjectConfigurationPlatforms) = postSolution
		{72E6063E-F2D8-487C-A86B-D17DE219BF32}.Debug|Any CPU.ActiveCfg = Debug|Any CPU
		{72E6063E-F2D8-487C-A86B-D17DE219BF32}.Debug|Any CPU.Build.0 = Debug|Any CPU
		{72E6063E-F2D8-487C-A86B-D17DE219BF32}.Release|Any CPU.ActiveCfg = Release|Any CPU
		{72E6063E-F2D8-487C-A86B-D17DE219BF32}.Release|Any CPU.Build.0 = Release|Any CPU
		{3E04C657-E933-4A60-9DBB-F70ADC0F2A76}.Debug|Any CPU.ActiveCfg = Debug|Any CPU
		{3E04C657-E933-4A60-9DBB-F70ADC0F2A76}.Debug|Any CPU.Build.0 = Debug|Any CPU
		{3E04C657-E933-4A60-9DBB-F70ADC0F2A76}.Release|Any CPU.ActiveCfg = Release|Any CPU
		{3E04C657-E933-4A60-9DBB-F70ADC0F2A76}.Release|Any CPU.Build.0 = Release|Any CPU
		{DFBD215F-ED9F-4CE4-9F44-BC9419341883}.Debug|Any CPU.ActiveCfg = Debug|Any CPU
		{DFBD215F-ED9F-4CE4-9F44-BC9419341883}.Debug|Any CPU.Build.0 = Debug|Any CPU
		{DFBD215F-ED9F-4CE4-9F44-BC9419341883}.Release|Any CPU.ActiveCfg = Release|Any CPU
		{DFBD215F-ED9F-4CE4-9F44-BC9419341883}.Release|Any CPU.Build.0 = Release|Any CPU
		{F2FD0783-8AE1-4786-B7CB-18088A80E9D1}.Debug|Any CPU.ActiveCfg = Debug|Any CPU
		{F2FD0783-8AE1-4786-B7CB-18088A80E9D1}.Debug|Any CPU.Build.0 = Debug|Any CPU
		{F2FD0783-8AE1-4786-B7CB-18088A80E9D1}.Release|Any CPU.ActiveCfg = Release|Any CPU
		{F2FD0783-8AE1-4786-B7CB-18088A80E9D1}.Release|Any CPU.Build.0 = Release|Any CPU
		{4D89BDF7-E8EE-490B-8F88-7DBFB8B4C6F8}.Debug|Any CPU.ActiveCfg = Debug|Any CPU
		{4D89BDF7-E8EE-490B-8F88-7DBFB8B4C6F8}.Debug|Any CPU.Build.0 = Debug|Any CPU
		{4D89BDF7-E8EE-490B-8F88-7DBFB8B4C6F8}.Release|Any CPU.ActiveCfg = Release|Any CPU
		{4D89BDF7-E8EE-490B-8F88-7DBFB8B4C6F8}.Release|Any CPU.Build.0 = Release|Any CPU
	EndGlobalSection
	GlobalSection(SolutionProperties) = preSolution
		HideSolutionNode = FALSE
	EndGlobalSection
	GlobalSection(ExtensibilityGlobals) = postSolution
		SolutionGuid = {45548662-CEEB-4385-A3E0-BC22DCF36E55}
	EndGlobalSection
EndGlobal
